
Microsoft Visual Studio Solution File, Format Version 12.00
# Visual Studio Version 17
VisualStudioVersion = 17.12.35728.132
MinimumVisualStudioVersion = 10.0.40219.1
Project("{FAE04EC0-301F-11D3-BF4B-00C04F79EFBC}") = "exercico1", "exercico1\exercico1.csproj", "{4C0DA8AE-04C3-4262-AF3C-A67206C3A632}"
EndProject
Project("{FAE04EC0-301F-11D3-BF4B-00C04F79EFBC}") = "exercicio2", "exercicio2\exercicio2.csproj", "{8605DFA2-8A08-4FE8-9976-3A3FDCFC1F0A}"
EndProject
Project("{FAE04EC0-301F-11D3-BF4B-00C04F79EFBC}") = "exercicio3", "exercicio3\exercicio3.csproj", "{C65AC95A-6B09-423F-B58B-CBF9638E5C1E}"
EndProject
Project("{FAE04EC0-301F-11D3-BF4B-00C04F79EFBC}") = "exercico4", "exercico4\exercico4.csproj", "{B4F59994-B9E8-4D55-9B78-D2AAC6E41C23}"
EndProject
Project("{FAE04EC0-301F-11D3-BF4B-00C04F79EFBC}") = "exercicio5", "exercicio5\exercicio5.csproj", "{5B59F9E9-6855-4421-B309-C91DE7EBFEB3}"
EndProject
Project("{FAE04EC0-301F-11D3-BF4B-00C04F79EFBC}") = "exercicio6", "exercicio6\exercicio6.csproj", "{D0D40F3F-1CE3-4A5A-9ED9-8F5F4E46FD41}"
EndProject
Project("{FAE04EC0-301F-11D3-BF4B-00C04F79EFBC}") = "exercicio7", "exercicio7\exercicio7.csproj", "{6059A439-DC00-43E4-8B3C-A59531EC5357}"
EndProject
Project("{FAE04EC0-301F-11D3-BF4B-00C04F79EFBC}") = "exercicio8", "exercicio8\exercicio8.csproj", "{41C04A35-30B8-4BFB-9821-A0E4EDE7D092}"
EndProject
Project("{FAE04EC0-301F-11D3-BF4B-00C04F79EFBC}") = "exercicio9", "exercicio9\exercicio9.csproj", "{A1235BF9-33FD-4D54-8B80-CE1D998AB270}"
EndProject
Project("{FAE04EC0-301F-11D3-BF4B-00C04F79EFBC}") = "exercicio10", "exercicio10\exercicio10.csproj", "{2A3AFFBA-8226-4CEC-86DE-136189A0B019}"
EndProject
Project("{FAE04EC0-301F-11D3-BF4B-00C04F79EFBC}") = "exercicio11", "exercicio11\exercicio11.csproj", "{348E6982-55DE-444E-BEDC-5EE5574B7516}"
EndProject
Project("{FAE04EC0-301F-11D3-BF4B-00C04F79EFBC}") = "exercicio12", "exercicio12\exercicio12.csproj", "{84259FA7-7F58-4EBD-9249-689FEAA39939}"
EndProject
Project("{FAE04EC0-301F-11D3-BF4B-00C04F79EFBC}") = "exercicio13", "exercicio13\exercicio13.csproj", "{762EA482-FAD7-4281-A5FA-07CB22F9EC88}"
EndProject
Project("{FAE04EC0-301F-11D3-BF4B-00C04F79EFBC}") = "exercicio14", "exercicio14\exercicio14.csproj", "{4AFC4882-4344-44A7-9B72-A0D58E05C244}"
EndProject
Project("{FAE04EC0-301F-11D3-BF4B-00C04F79EFBC}") = "exercicio15", "exercicio15\exercicio15.csproj", "{5E4DC59C-2532-431D-864B-3CFC7BCEA4E6}"
EndProject
Project("{FAE04EC0-301F-11D3-BF4B-00C04F79EFBC}") = "exercicio16", "exercicio16\exercicio16.csproj", "{2F43E2AC-BF54-472E-8E52-475FAD904C90}"
EndProject
Project("{FAE04EC0-301F-11D3-BF4B-00C04F79EFBC}") = "exercicio17", "exercicio17\exercicio17.csproj", "{1C482CD2-1F7D-4CE4-AC26-DC7D61802214}"
EndProject
Project("{FAE04EC0-301F-11D3-BF4B-00C04F79EFBC}") = "exercicio18", "exercicio18\exercicio18.csproj", "{311A894A-A0C0-4A83-A2F5-2D53EA5F6B54}"
EndProject
Project("{FAE04EC0-301F-11D3-BF4B-00C04F79EFBC}") = "exercicio19", "exercicio19\exercicio19.csproj", "{C1A1CAE1-4BDD-4B2B-B767-785CA797B79B}"
EndProject
Project("{FAE04EC0-301F-11D3-BF4B-00C04F79EFBC}") = "exercico20", "exercico20\exercico20.csproj", "{643D9006-28C1-42F6-9411-8E1D72F9383D}"
EndProject
Project("{FAE04EC0-301F-11D3-BF4B-00C04F79EFBC}") = "exercicio21", "exercicio21\exercicio21.csproj", "{B672E767-5310-4D74-8BFB-73437BD8DDDE}"
EndProject
Project("{FAE04EC0-301F-11D3-BF4B-00C04F79EFBC}") = "exercicio22", "exercicio22\exercicio22.csproj", "{16F52B08-226A-4A51-9E51-367694BB7DC7}"
EndProject
Project("{FAE04EC0-301F-11D3-BF4B-00C04F79EFBC}") = "exercicio23", "exercicio23\exercicio23.csproj", "{6B1E49C7-7E98-4040-B992-766D0778F0AC}"
EndProject
Project("{FAE04EC0-301F-11D3-BF4B-00C04F79EFBC}") = "exercico24", "exercico24\exercico24.csproj", "{C86AAD31-BA03-453B-86F9-08E69B0E0EFB}"
EndProject
Project("{FAE04EC0-301F-11D3-BF4B-00C04F79EFBC}") = "exercicio25", "exercicio25\exercicio25.csproj", "{3A60D23E-69BA-49B6-A301-B847C84A39DD}"
EndProject
Project("{FAE04EC0-301F-11D3-BF4B-00C04F79EFBC}") = "exercicio26", "exercicio26\exercicio26.csproj", "{FC3318BC-5F3F-4D4D-BF96-56B93B0B42A7}"
EndProject
Project("{FAE04EC0-301F-11D3-BF4B-00C04F79EFBC}") = "exercicio27", "exercicio27\exercicio27.csproj", "{D56827D0-B309-47A7-A241-F86988900AD1}"
EndProject
Project("{FAE04EC0-301F-11D3-BF4B-00C04F79EFBC}") = "exercicio28", "exercicio28\exercicio28.csproj", "{97EA5D88-AD75-413E-903D-162579635958}"
EndProject
Project("{FAE04EC0-301F-11D3-BF4B-00C04F79EFBC}") = "exercicio29", "exercicio29\exercicio29.csproj", "{3F785842-1751-436A-9B37-04FD4FE52621}"
EndProject
Project("{FAE04EC0-301F-11D3-BF4B-00C04F79EFBC}") = "exercico30", "exercico30\exercico30.csproj", "{861DB372-F244-42CF-B1A8-CB19F5B885E3}"
EndProject
Project("{FAE04EC0-301F-11D3-BF4B-00C04F79EFBC}") = "exercicio31", "exercicio31\exercicio31.csproj", "{9ED8D248-31D2-4271-AB90-1F02006F720C}"
EndProject
Project("{FAE04EC0-301F-11D3-BF4B-00C04F79EFBC}") = "exercicio32", "exercicio32\exercicio32.csproj", "{30426D86-5EFF-4DE8-A6CF-8287305FC440}"
EndProject
Project("{FAE04EC0-301F-11D3-BF4B-00C04F79EFBC}") = "exercico33", "exercico33\exercico33.csproj", "{4A3C8852-46F5-4141-8EF7-F02E1698CA21}"
EndProject
Project("{FAE04EC0-301F-11D3-BF4B-00C04F79EFBC}") = "exercico34", "exercico34\exercico34.csproj", "{05CDC18A-1C4B-43C4-9565-DEB59FA9D7D3}"
EndProject
Project("{FAE04EC0-301F-11D3-BF4B-00C04F79EFBC}") = "exercicio35", "exercicio35\exercicio35.csproj", "{3DE057BC-AB3D-4A56-AA60-0CA1DF59F394}"
EndProject
Project("{FAE04EC0-301F-11D3-BF4B-00C04F79EFBC}") = "exercicio36", "exercicio36\exercicio36.csproj", "{B50392A8-9F77-4BF3-945C-982309F91738}"
EndProject
Project("{FAE04EC0-301F-11D3-BF4B-00C04F79EFBC}") = "exercico37", "exercico37\exercico37.csproj", "{B7D93642-7A6D-4E66-896B-AF73FF3031CD}"
EndProject
Project("{FAE04EC0-301F-11D3-BF4B-00C04F79EFBC}") = "exercicio38", "exercicio38\exercicio38.csproj", "{FF76B455-13DD-4348-BA39-9FA1F8EFDFB5}"
EndProject
Project("{FAE04EC0-301F-11D3-BF4B-00C04F79EFBC}") = "exercicio39", "exercicio39\exercicio39.csproj", "{5692C2BE-23B6-4B3B-B7B6-6A81D84020BC}"
EndProject
Project("{FAE04EC0-301F-11D3-BF4B-00C04F79EFBC}") = "exercico40", "exercico40\exercico40.csproj", "{A190FEE7-B39A-494A-838F-D6991923CA7D}"
EndProject
Global
	GlobalSection(SolutionConfigurationPlatforms) = preSolution
		Debug|Any CPU = Debug|Any CPU
		Release|Any CPU = Release|Any CPU
	EndGlobalSection
	GlobalSection(ProjectConfigurationPlatforms) = postSolution
		{4C0DA8AE-04C3-4262-AF3C-A67206C3A632}.Debug|Any CPU.ActiveCfg = Debug|Any CPU
		{4C0DA8AE-04C3-4262-AF3C-A67206C3A632}.Debug|Any CPU.Build.0 = Debug|Any CPU
		{4C0DA8AE-04C3-4262-AF3C-A67206C3A632}.Release|Any CPU.ActiveCfg = Release|Any CPU
		{4C0DA8AE-04C3-4262-AF3C-A67206C3A632}.Release|Any CPU.Build.0 = Release|Any CPU
		{8605DFA2-8A08-4FE8-9976-3A3FDCFC1F0A}.Debug|Any CPU.ActiveCfg = Debug|Any CPU
		{8605DFA2-8A08-4FE8-9976-3A3FDCFC1F0A}.Debug|Any CPU.Build.0 = Debug|Any CPU
		{8605DFA2-8A08-4FE8-9976-3A3FDCFC1F0A}.Release|Any CPU.ActiveCfg = Release|Any CPU
		{8605DFA2-8A08-4FE8-9976-3A3FDCFC1F0A}.Release|Any CPU.Build.0 = Release|Any CPU
		{C65AC95A-6B09-423F-B58B-CBF9638E5C1E}.Debug|Any CPU.ActiveCfg = Debug|Any CPU
		{C65AC95A-6B09-423F-B58B-CBF9638E5C1E}.Debug|Any CPU.Build.0 = Debug|Any CPU
		{C65AC95A-6B09-423F-B58B-CBF9638E5C1E}.Release|Any CPU.ActiveCfg = Release|Any CPU
		{C65AC95A-6B09-423F-B58B-CBF9638E5C1E}.Release|Any CPU.Build.0 = Release|Any CPU
		{B4F59994-B9E8-4D55-9B78-D2AAC6E41C23}.Debug|Any CPU.ActiveCfg = Debug|Any CPU
		{B4F59994-B9E8-4D55-9B78-D2AAC6E41C23}.Debug|Any CPU.Build.0 = Debug|Any CPU
		{B4F59994-B9E8-4D55-9B78-D2AAC6E41C23}.Release|Any CPU.ActiveCfg = Release|Any CPU
		{B4F59994-B9E8-4D55-9B78-D2AAC6E41C23}.Release|Any CPU.Build.0 = Release|Any CPU
		{5B59F9E9-6855-4421-B309-C91DE7EBFEB3}.Debug|Any CPU.ActiveCfg = Debug|Any CPU
		{5B59F9E9-6855-4421-B309-C91DE7EBFEB3}.Debug|Any CPU.Build.0 = Debug|Any CPU
		{5B59F9E9-6855-4421-B309-C91DE7EBFEB3}.Release|Any CPU.ActiveCfg = Release|Any CPU
		{5B59F9E9-6855-4421-B309-C91DE7EBFEB3}.Release|Any CPU.Build.0 = Release|Any CPU
		{D0D40F3F-1CE3-4A5A-9ED9-8F5F4E46FD41}.Debug|Any CPU.ActiveCfg = Debug|Any CPU
		{D0D40F3F-1CE3-4A5A-9ED9-8F5F4E46FD41}.Debug|Any CPU.Build.0 = Debug|Any CPU
		{D0D40F3F-1CE3-4A5A-9ED9-8F5F4E46FD41}.Release|Any CPU.ActiveCfg = Release|Any CPU
		{D0D40F3F-1CE3-4A5A-9ED9-8F5F4E46FD41}.Release|Any CPU.Build.0 = Release|Any CPU
		{6059A439-DC00-43E4-8B3C-A59531EC5357}.Debug|Any CPU.ActiveCfg = Debug|Any CPU
		{6059A439-DC00-43E4-8B3C-A59531EC5357}.Debug|Any CPU.Build.0 = Debug|Any CPU
		{6059A439-DC00-43E4-8B3C-A59531EC5357}.Release|Any CPU.ActiveCfg = Release|Any CPU
		{6059A439-DC00-43E4-8B3C-A59531EC5357}.Release|Any CPU.Build.0 = Release|Any CPU
		{41C04A35-30B8-4BFB-9821-A0E4EDE7D092}.Debug|Any CPU.ActiveCfg = Debug|Any CPU
		{41C04A35-30B8-4BFB-9821-A0E4EDE7D092}.Debug|Any CPU.Build.0 = Debug|Any CPU
		{41C04A35-30B8-4BFB-9821-A0E4EDE7D092}.Release|Any CPU.ActiveCfg = Release|Any CPU
		{41C04A35-30B8-4BFB-9821-A0E4EDE7D092}.Release|Any CPU.Build.0 = Release|Any CPU
		{A1235BF9-33FD-4D54-8B80-CE1D998AB270}.Debug|Any CPU.ActiveCfg = Debug|Any CPU
		{A1235BF9-33FD-4D54-8B80-CE1D998AB270}.Debug|Any CPU.Build.0 = Debug|Any CPU
		{A1235BF9-33FD-4D54-8B80-CE1D998AB270}.Release|Any CPU.ActiveCfg = Release|Any CPU
		{A1235BF9-33FD-4D54-8B80-CE1D998AB270}.Release|Any CPU.Build.0 = Release|Any CPU
		{2A3AFFBA-8226-4CEC-86DE-136189A0B019}.Debug|Any CPU.ActiveCfg = Debug|Any CPU
		{2A3AFFBA-8226-4CEC-86DE-136189A0B019}.Debug|Any CPU.Build.0 = Debug|Any CPU
		{2A3AFFBA-8226-4CEC-86DE-136189A0B019}.Release|Any CPU.ActiveCfg = Release|Any CPU
		{2A3AFFBA-8226-4CEC-86DE-136189A0B019}.Release|Any CPU.Build.0 = Release|Any CPU
		{348E6982-55DE-444E-BEDC-5EE5574B7516}.Debug|Any CPU.ActiveCfg = Debug|Any CPU
		{348E6982-55DE-444E-BEDC-5EE5574B7516}.Debug|Any CPU.Build.0 = Debug|Any CPU
		{348E6982-55DE-444E-BEDC-5EE5574B7516}.Release|Any CPU.ActiveCfg = Release|Any CPU
		{348E6982-55DE-444E-BEDC-5EE5574B7516}.Release|Any CPU.Build.0 = Release|Any CPU
		{84259FA7-7F58-4EBD-9249-689FEAA39939}.Debug|Any CPU.ActiveCfg = Debug|Any CPU
		{84259FA7-7F58-4EBD-9249-689FEAA39939}.Debug|Any CPU.Build.0 = Debug|Any CPU
		{84259FA7-7F58-4EBD-9249-689FEAA39939}.Release|Any CPU.ActiveCfg = Release|Any CPU
		{84259FA7-7F58-4EBD-9249-689FEAA39939}.Release|Any CPU.Build.0 = Release|Any CPU
		{762EA482-FAD7-4281-A5FA-07CB22F9EC88}.Debug|Any CPU.ActiveCfg = Debug|Any CPU
		{762EA482-FAD7-4281-A5FA-07CB22F9EC88}.Debug|Any CPU.Build.0 = Debug|Any CPU
		{762EA482-FAD7-4281-A5FA-07CB22F9EC88}.Release|Any CPU.ActiveCfg = Release|Any CPU
		{762EA482-FAD7-4281-A5FA-07CB22F9EC88}.Release|Any CPU.Build.0 = Release|Any CPU
		{4AFC4882-4344-44A7-9B72-A0D58E05C244}.Debug|Any CPU.ActiveCfg = Debug|Any CPU
		{4AFC4882-4344-44A7-9B72-A0D58E05C244}.Debug|Any CPU.Build.0 = Debug|Any CPU
		{4AFC4882-4344-44A7-9B72-A0D58E05C244}.Release|Any CPU.ActiveCfg = Release|Any CPU
		{4AFC4882-4344-44A7-9B72-A0D58E05C244}.Release|Any CPU.Build.0 = Release|Any CPU
		{5E4DC59C-2532-431D-864B-3CFC7BCEA4E6}.Debug|Any CPU.ActiveCfg = Debug|Any CPU
		{5E4DC59C-2532-431D-864B-3CFC7BCEA4E6}.Debug|Any CPU.Build.0 = Debug|Any CPU
		{5E4DC59C-2532-431D-864B-3CFC7BCEA4E6}.Release|Any CPU.ActiveCfg = Release|Any CPU
		{5E4DC59C-2532-431D-864B-3CFC7BCEA4E6}.Release|Any CPU.Build.0 = Release|Any CPU
		{2F43E2AC-BF54-472E-8E52-475FAD904C90}.Debug|Any CPU.ActiveCfg = Debug|Any CPU
		{2F43E2AC-BF54-472E-8E52-475FAD904C90}.Debug|Any CPU.Build.0 = Debug|Any CPU
		{2F43E2AC-BF54-472E-8E52-475FAD904C90}.Release|Any CPU.ActiveCfg = Release|Any CPU
		{2F43E2AC-BF54-472E-8E52-475FAD904C90}.Release|Any CPU.Build.0 = Release|Any CPU
		{1C482CD2-1F7D-4CE4-AC26-DC7D61802214}.Debug|Any CPU.ActiveCfg = Debug|Any CPU
		{1C482CD2-1F7D-4CE4-AC26-DC7D61802214}.Debug|Any CPU.Build.0 = Debug|Any CPU
		{1C482CD2-1F7D-4CE4-AC26-DC7D61802214}.Release|Any CPU.ActiveCfg = Release|Any CPU
		{1C482CD2-1F7D-4CE4-AC26-DC7D61802214}.Release|Any CPU.Build.0 = Release|Any CPU
		{311A894A-A0C0-4A83-A2F5-2D53EA5F6B54}.Debug|Any CPU.ActiveCfg = Debug|Any CPU
		{311A894A-A0C0-4A83-A2F5-2D53EA5F6B54}.Debug|Any CPU.Build.0 = Debug|Any CPU
		{311A894A-A0C0-4A83-A2F5-2D53EA5F6B54}.Release|Any CPU.ActiveCfg = Release|Any CPU
		{311A894A-A0C0-4A83-A2F5-2D53EA5F6B54}.Release|Any CPU.Build.0 = Release|Any CPU
		{C1A1CAE1-4BDD-4B2B-B767-785CA797B79B}.Debug|Any CPU.ActiveCfg = Debug|Any CPU
		{C1A1CAE1-4BDD-4B2B-B767-785CA797B79B}.Debug|Any CPU.Build.0 = Debug|Any CPU
		{C1A1CAE1-4BDD-4B2B-B767-785CA797B79B}.Release|Any CPU.ActiveCfg = Release|Any CPU
		{C1A1CAE1-4BDD-4B2B-B767-785CA797B79B}.Release|Any CPU.Build.0 = Release|Any CPU
		{643D9006-28C1-42F6-9411-8E1D72F9383D}.Debug|Any CPU.ActiveCfg = Debug|Any CPU
		{643D9006-28C1-42F6-9411-8E1D72F9383D}.Debug|Any CPU.Build.0 = Debug|Any CPU
		{643D9006-28C1-42F6-9411-8E1D72F9383D}.Release|Any CPU.ActiveCfg = Release|Any CPU
		{643D9006-28C1-42F6-9411-8E1D72F9383D}.Release|Any CPU.Build.0 = Release|Any CPU
		{B672E767-5310-4D74-8BFB-73437BD8DDDE}.Debug|Any CPU.ActiveCfg = Debug|Any CPU
		{B672E767-5310-4D74-8BFB-73437BD8DDDE}.Debug|Any CPU.Build.0 = Debug|Any CPU
		{B672E767-5310-4D74-8BFB-73437BD8DDDE}.Release|Any CPU.ActiveCfg = Release|Any CPU
		{B672E767-5310-4D74-8BFB-73437BD8DDDE}.Release|Any CPU.Build.0 = Release|Any CPU
		{16F52B08-226A-4A51-9E51-367694BB7DC7}.Debug|Any CPU.ActiveCfg = Debug|Any CPU
		{16F52B08-226A-4A51-9E51-367694BB7DC7}.Debug|Any CPU.Build.0 = Debug|Any CPU
		{16F52B08-226A-4A51-9E51-367694BB7DC7}.Release|Any CPU.ActiveCfg = Release|Any CPU
		{16F52B08-226A-4A51-9E51-367694BB7DC7}.Release|Any CPU.Build.0 = Release|Any CPU
		{6B1E49C7-7E98-4040-B992-766D0778F0AC}.Debug|Any CPU.ActiveCfg = Debug|Any CPU
		{6B1E49C7-7E98-4040-B992-766D0778F0AC}.Debug|Any CPU.Build.0 = Debug|Any CPU
		{6B1E49C7-7E98-4040-B992-766D0778F0AC}.Release|Any CPU.ActiveCfg = Release|Any CPU
		{6B1E49C7-7E98-4040-B992-766D0778F0AC}.Release|Any CPU.Build.0 = Release|Any CPU
		{C86AAD31-BA03-453B-86F9-08E69B0E0EFB}.Debug|Any CPU.ActiveCfg = Debug|Any CPU
		{C86AAD31-BA03-453B-86F9-08E69B0E0EFB}.Debug|Any CPU.Build.0 = Debug|Any CPU
		{C86AAD31-BA03-453B-86F9-08E69B0E0EFB}.Release|Any CPU.ActiveCfg = Release|Any CPU
		{C86AAD31-BA03-453B-86F9-08E69B0E0EFB}.Release|Any CPU.Build.0 = Release|Any CPU
		{3A60D23E-69BA-49B6-A301-B847C84A39DD}.Debug|Any CPU.ActiveCfg = Debug|Any CPU
		{3A60D23E-69BA-49B6-A301-B847C84A39DD}.Debug|Any CPU.Build.0 = Debug|Any CPU
		{3A60D23E-69BA-49B6-A301-B847C84A39DD}.Release|Any CPU.ActiveCfg = Release|Any CPU
		{3A60D23E-69BA-49B6-A301-B847C84A39DD}.Release|Any CPU.Build.0 = Release|Any CPU
		{FC3318BC-5F3F-4D4D-BF96-56B93B0B42A7}.Debug|Any CPU.ActiveCfg = Debug|Any CPU
		{FC3318BC-5F3F-4D4D-BF96-56B93B0B42A7}.Debug|Any CPU.Build.0 = Debug|Any CPU
		{FC3318BC-5F3F-4D4D-BF96-56B93B0B42A7}.Release|Any CPU.ActiveCfg = Release|Any CPU
		{FC3318BC-5F3F-4D4D-BF96-56B93B0B42A7}.Release|Any CPU.Build.0 = Release|Any CPU
		{D56827D0-B309-47A7-A241-F86988900AD1}.Debug|Any CPU.ActiveCfg = Debug|Any CPU
		{D56827D0-B309-47A7-A241-F86988900AD1}.Debug|Any CPU.Build.0 = Debug|Any CPU
		{D56827D0-B309-47A7-A241-F86988900AD1}.Release|Any CPU.ActiveCfg = Release|Any CPU
		{D56827D0-B309-47A7-A241-F86988900AD1}.Release|Any CPU.Build.0 = Release|Any CPU
		{97EA5D88-AD75-413E-903D-162579635958}.Debug|Any CPU.ActiveCfg = Debug|Any CPU
		{97EA5D88-AD75-413E-903D-162579635958}.Debug|Any CPU.Build.0 = Debug|Any CPU
		{97EA5D88-AD75-413E-903D-162579635958}.Release|Any CPU.ActiveCfg = Release|Any CPU
		{97EA5D88-AD75-413E-903D-162579635958}.Release|Any CPU.Build.0 = Release|Any CPU
		{3F785842-1751-436A-9B37-04FD4FE52621}.Debug|Any CPU.ActiveCfg = Debug|Any CPU
		{3F785842-1751-436A-9B37-04FD4FE52621}.Debug|Any CPU.Build.0 = Debug|Any CPU
		{3F785842-1751-436A-9B37-04FD4FE52621}.Release|Any CPU.ActiveCfg = Release|Any CPU
		{3F785842-1751-436A-9B37-04FD4FE52621}.Release|Any CPU.Build.0 = Release|Any CPU
		{861DB372-F244-42CF-B1A8-CB19F5B885E3}.Debug|Any CPU.ActiveCfg = Debug|Any CPU
		{861DB372-F244-42CF-B1A8-CB19F5B885E3}.Debug|Any CPU.Build.0 = Debug|Any CPU
		{861DB372-F244-42CF-B1A8-CB19F5B885E3}.Release|Any CPU.ActiveCfg = Release|Any CPU
		{861DB372-F244-42CF-B1A8-CB19F5B885E3}.Release|Any CPU.Build.0 = Release|Any CPU
		{9ED8D248-31D2-4271-AB90-1F02006F720C}.Debug|Any CPU.ActiveCfg = Debug|Any CPU
		{9ED8D248-31D2-4271-AB90-1F02006F720C}.Debug|Any CPU.Build.0 = Debug|Any CPU
		{9ED8D248-31D2-4271-AB90-1F02006F720C}.Release|Any CPU.ActiveCfg = Release|Any CPU
		{9ED8D248-31D2-4271-AB90-1F02006F720C}.Release|Any CPU.Build.0 = Release|Any CPU
		{30426D86-5EFF-4DE8-A6CF-8287305FC440}.Debug|Any CPU.ActiveCfg = Debug|Any CPU
		{30426D86-5EFF-4DE8-A6CF-8287305FC440}.Debug|Any CPU.Build.0 = Debug|Any CPU
		{30426D86-5EFF-4DE8-A6CF-8287305FC440}.Release|Any CPU.ActiveCfg = Release|Any CPU
		{30426D86-5EFF-4DE8-A6CF-8287305FC440}.Release|Any CPU.Build.0 = Release|Any CPU
		{4A3C8852-46F5-4141-8EF7-F02E1698CA21}.Debug|Any CPU.ActiveCfg = Debug|Any CPU
		{4A3C8852-46F5-4141-8EF7-F02E1698CA21}.Debug|Any CPU.Build.0 = Debug|Any CPU
		{4A3C8852-46F5-4141-8EF7-F02E1698CA21}.Release|Any CPU.ActiveCfg = Release|Any CPU
		{4A3C8852-46F5-4141-8EF7-F02E1698CA21}.Release|Any CPU.Build.0 = Release|Any CPU
		{05CDC18A-1C4B-43C4-9565-DEB59FA9D7D3}.Debug|Any CPU.ActiveCfg = Debug|Any CPU
		{05CDC18A-1C4B-43C4-9565-DEB59FA9D7D3}.Debug|Any CPU.Build.0 = Debug|Any CPU
		{05CDC18A-1C4B-43C4-9565-DEB59FA9D7D3}.Release|Any CPU.ActiveCfg = Release|Any CPU
		{05CDC18A-1C4B-43C4-9565-DEB59FA9D7D3}.Release|Any CPU.Build.0 = Release|Any CPU
		{3DE057BC-AB3D-4A56-AA60-0CA1DF59F394}.Debug|Any CPU.ActiveCfg = Debug|Any CPU
		{3DE057BC-AB3D-4A56-AA60-0CA1DF59F394}.Debug|Any CPU.Build.0 = Debug|Any CPU
		{3DE057BC-AB3D-4A56-AA60-0CA1DF59F394}.Release|Any CPU.ActiveCfg = Release|Any CPU
		{3DE057BC-AB3D-4A56-AA60-0CA1DF59F394}.Release|Any CPU.Build.0 = Release|Any CPU
		{B50392A8-9F77-4BF3-945C-982309F91738}.Debug|Any CPU.ActiveCfg = Debug|Any CPU
		{B50392A8-9F77-4BF3-945C-982309F91738}.Debug|Any CPU.Build.0 = Debug|Any CPU
		{B50392A8-9F77-4BF3-945C-982309F91738}.Release|Any CPU.ActiveCfg = Release|Any CPU
		{B50392A8-9F77-4BF3-945C-982309F91738}.Release|Any CPU.Build.0 = Release|Any CPU
		{B7D93642-7A6D-4E66-896B-AF73FF3031CD}.Debug|Any CPU.ActiveCfg = Debug|Any CPU
		{B7D93642-7A6D-4E66-896B-AF73FF3031CD}.Debug|Any CPU.Build.0 = Debug|Any CPU
		{B7D93642-7A6D-4E66-896B-AF73FF3031CD}.Release|Any CPU.ActiveCfg = Release|Any CPU
		{B7D93642-7A6D-4E66-896B-AF73FF3031CD}.Release|Any CPU.Build.0 = Release|Any CPU
		{FF76B455-13DD-4348-BA39-9FA1F8EFDFB5}.Debug|Any CPU.ActiveCfg = Debug|Any CPU
		{FF76B455-13DD-4348-BA39-9FA1F8EFDFB5}.Debug|Any CPU.Build.0 = Debug|Any CPU
		{FF76B455-13DD-4348-BA39-9FA1F8EFDFB5}.Release|Any CPU.ActiveCfg = Release|Any CPU
		{FF76B455-13DD-4348-BA39-9FA1F8EFDFB5}.Release|Any CPU.Build.0 = Release|Any CPU
		{5692C2BE-23B6-4B3B-B7B6-6A81D84020BC}.Debug|Any CPU.ActiveCfg = Debug|Any CPU
		{5692C2BE-23B6-4B3B-B7B6-6A81D84020BC}.Debug|Any CPU.Build.0 = Debug|Any CPU
		{5692C2BE-23B6-4B3B-B7B6-6A81D84020BC}.Release|Any CPU.ActiveCfg = Release|Any CPU
		{5692C2BE-23B6-4B3B-B7B6-6A81D84020BC}.Release|Any CPU.Build.0 = Release|Any CPU
		{A190FEE7-B39A-494A-838F-D6991923CA7D}.Debug|Any CPU.ActiveCfg = Debug|Any CPU
		{A190FEE7-B39A-494A-838F-D6991923CA7D}.Debug|Any CPU.Build.0 = Debug|Any CPU
		{A190FEE7-B39A-494A-838F-D6991923CA7D}.Release|Any CPU.ActiveCfg = Release|Any CPU
		{A190FEE7-B39A-494A-838F-D6991923CA7D}.Release|Any CPU.Build.0 = Release|Any CPU
	EndGlobalSection
	GlobalSection(SolutionProperties) = preSolution
		HideSolutionNode = FALSE
	EndGlobalSection
EndGlobal
